
Microsoft Visual Studio Solution File, Format Version 12.00
# Visual Studio Version 17
VisualStudioVersion = 17.8.34330.188
MinimumVisualStudioVersion = 10.0.40219.1
Project("{FAE04EC0-301F-11D3-BF4B-00C04F79EFBC}") = "YourCourses.Api", "YourCourses.Api\YourCourses.Api.csproj", "{0212873F-59B8-4B44-A55A-182AF9AFB31B}"
EndProject
Project("{FAE04EC0-301F-11D3-BF4B-00C04F79EFBC}") = "YourCourses.Data", "YourCourses.Data\YourCourses.Data.csproj", "{3E863AE1-1F7F-486D-A3B4-ACA10ECB6774}"
EndProject
Project("{FAE04EC0-301F-11D3-BF4B-00C04F79EFBC}") = "YourCourses.Infrastructure", "YourCourses.Infrastructure\YourCourses.Infrastructure.csproj", "{F06A3780-2BAD-465E-84A1-F6D9F4E0B49C}"
EndProject
Project("{FAE04EC0-301F-11D3-BF4B-00C04F79EFBC}") = "YourCourses.Services", "YourCourses.Services\YourCourses.Services.csproj", "{C450BB73-8679-495A-BCFA-FABA4E8C41F7}"
EndProject
Global
	GlobalSection(SolutionConfigurationPlatforms) = preSolution
		Debug|Any CPU = Debug|Any CPU
		Release|Any CPU = Release|Any CPU
	EndGlobalSection
	GlobalSection(ProjectConfigurationPlatforms) = postSolution
		{0212873F-59B8-4B44-A55A-182AF9AFB31B}.Debug|Any CPU.ActiveCfg = Debug|Any CPU
		{0212873F-59B8-4B44-A55A-182AF9AFB31B}.Debug|Any CPU.Build.0 = Debug|Any CPU
		{0212873F-59B8-4B44-A55A-182AF9AFB31B}.Release|Any CPU.ActiveCfg = Release|Any CPU
		{0212873F-59B8-4B44-A55A-182AF9AFB31B}.Release|Any CPU.Build.0 = Release|Any CPU
		{3E863AE1-1F7F-486D-A3B4-ACA10ECB6774}.Debug|Any CPU.ActiveCfg = Debug|Any CPU
		{3E863AE1-1F7F-486D-A3B4-ACA10ECB6774}.Debug|Any CPU.Build.0 = Debug|Any CPU
		{3E863AE1-1F7F-486D-A3B4-ACA10ECB6774}.Release|Any CPU.ActiveCfg = Release|Any CPU
		{3E863AE1-1F7F-486D-A3B4-ACA10ECB6774}.Release|Any CPU.Build.0 = Release|Any CPU
		{F06A3780-2BAD-465E-84A1-F6D9F4E0B49C}.Debug|Any CPU.ActiveCfg = Debug|Any CPU
		{F06A3780-2BAD-465E-84A1-F6D9F4E0B49C}.Debug|Any CPU.Build.0 = Debug|Any CPU
		{F06A3780-2BAD-465E-84A1-F6D9F4E0B49C}.Release|Any CPU.ActiveCfg = Release|Any CPU
		{F06A3780-2BAD-465E-84A1-F6D9F4E0B49C}.Release|Any CPU.Build.0 = Release|Any CPU
		{C450BB73-8679-495A-BCFA-FABA4E8C41F7}.Debug|Any CPU.ActiveCfg = Debug|Any CPU
		{C450BB73-8679-495A-BCFA-FABA4E8C41F7}.Debug|Any CPU.Build.0 = Debug|Any CPU
		{C450BB73-8679-495A-BCFA-FABA4E8C41F7}.Release|Any CPU.ActiveCfg = Release|Any CPU
		{C450BB73-8679-495A-BCFA-FABA4E8C41F7}.Release|Any CPU.Build.0 = Release|Any CPU
	EndGlobalSection
	GlobalSection(SolutionProperties) = preSolution
		HideSolutionNode = FALSE
	EndGlobalSection
	GlobalSection(ExtensibilityGlobals) = postSolution
		SolutionGuid = {8D0377F5-C496-4318-8AD8-415226B64270}
	EndGlobalSection
EndGlobal
